
Microsoft Visual Studio Solution File, Format Version 12.00
# Visual Studio 2015
Project("{FAE04EC0-301F-11D3-BF4B-00C04F79EFBC}") = "Monster_Madness", "Monster_Madness.csproj", "{013D0E3D-DD27-9685-38EF-91EE251FCCBB}"
EndProject
Global
	GlobalSection(SolutionConfigurationPlatforms) = preSolution
		Debug|Any CPU = Debug|Any CPU
		Release|Any CPU = Release|Any CPU
	EndGlobalSection
	GlobalSection(ProjectConfigurationPlatforms) = postSolution
		{013D0E3D-DD27-9685-38EF-91EE251FCCBB}.Debug|Any CPU.ActiveCfg = Debug|Any CPU
		{013D0E3D-DD27-9685-38EF-91EE251FCCBB}.Debug|Any CPU.Build.0 = Debug|Any CPU
		{013D0E3D-DD27-9685-38EF-91EE251FCCBB}.Release|Any CPU.ActiveCfg = Release|Any CPU
		{013D0E3D-DD27-9685-38EF-91EE251FCCBB}.Release|Any CPU.Build.0 = Release|Any CPU
	EndGlobalSection
	GlobalSection(SolutionProperties) = preSolution
		HideSolutionNode = FALSE
	EndGlobalSection
EndGlobal
